
Microsoft Visual Studio Solution File, Format Version 9.00
# Visual Studio 2005
Project("{8BC9CEB8-8B4A-11D0-8D11-00A0C91BC942}") = "LYY1", "LYY1\LYY1.vcproj", "{DC22B48D-1915-4BFC-AEE9-0489AD8E6DE4}"
EndProject
Project("{54435603-DBB4-11D2-8724-00A0C9A8B90C}") = "Testnote Installer", "Testnote Installer\Testnote Installer.vdproj", "{3F2561E5-3339-4D0B-994E-4C89C96AA719}"
EndProject
Global
	GlobalSection(SolutionConfigurationPlatforms) = preSolution
		Debug|Win32 = Debug|Win32
		Release|Win32 = Release|Win32
	EndGlobalSection
	GlobalSection(ProjectConfigurationPlatforms) = postSolution
		{DC22B48D-1915-4BFC-AEE9-0489AD8E6DE4}.Debug|Win32.ActiveCfg = Debug|Win32
		{DC22B48D-1915-4BFC-AEE9-0489AD8E6DE4}.Debug|Win32.Build.0 = Debug|Win32
		{DC22B48D-1915-4BFC-AEE9-0489AD8E6DE4}.Release|Win32.ActiveCfg = Release|Win32
		{DC22B48D-1915-4BFC-AEE9-0489AD8E6DE4}.Release|Win32.Build.0 = Release|Win32
		{3F2561E5-3339-4D0B-994E-4C89C96AA719}.Debug|Win32.ActiveCfg = Debug
		{3F2561E5-3339-4D0B-994E-4C89C96AA719}.Release|Win32.ActiveCfg = Release
	EndGlobalSection
	GlobalSection(SolutionProperties) = preSolution
		HideSolutionNode = FALSE
	EndGlobalSection
EndGlobal
